
Microsoft Visual Studio Solution File, Format Version 12.00
# Visual Studio 2013
VisualStudioVersion = 12.0.30501.0
MinimumVisualStudioVersion = 10.0.40219.1
Project("{FAE04EC0-301F-11D3-BF4B-00C04F79EFBC}") = "ChessClient", "ChessClient\ChessClient.csproj", "{772C30F6-C2DE-4417-A0EC-F2CB69F681FE}"
EndProject
Project("{FAE04EC0-301F-11D3-BF4B-00C04F79EFBC}") = "ChessServer", "Server\ChessServer.csproj", "{2839EEB6-E39D-4AA4-BBB8-4BA8BB93B679}"
	ProjectSection(ProjectDependencies) = postProject
		{772C30F6-C2DE-4417-A0EC-F2CB69F681FE} = {772C30F6-C2DE-4417-A0EC-F2CB69F681FE}
	EndProjectSection
EndProject
Project("{FAE04EC0-301F-11D3-BF4B-00C04F79EFBC}") = "ChessAI", "ChessAI\ChessAI.csproj", "{781DC07C-9B0C-4B99-A64B-33394C7C5799}"
	ProjectSection(ProjectDependencies) = postProject
		{2839EEB6-E39D-4AA4-BBB8-4BA8BB93B679} = {2839EEB6-E39D-4AA4-BBB8-4BA8BB93B679}
		{772C30F6-C2DE-4417-A0EC-F2CB69F681FE} = {772C30F6-C2DE-4417-A0EC-F2CB69F681FE}
	EndProjectSection
EndProject
Global
	GlobalSection(SolutionConfigurationPlatforms) = preSolution
		Debug|Any CPU = Debug|Any CPU
		Release|Any CPU = Release|Any CPU
	EndGlobalSection
	GlobalSection(ProjectConfigurationPlatforms) = postSolution
		{772C30F6-C2DE-4417-A0EC-F2CB69F681FE}.Debug|Any CPU.ActiveCfg = Debug|Any CPU
		{772C30F6-C2DE-4417-A0EC-F2CB69F681FE}.Debug|Any CPU.Build.0 = Debug|Any CPU
		{772C30F6-C2DE-4417-A0EC-F2CB69F681FE}.Debug|Any CPU.Deploy.0 = Debug|Any CPU
		{772C30F6-C2DE-4417-A0EC-F2CB69F681FE}.Release|Any CPU.ActiveCfg = Debug|Any CPU
		{772C30F6-C2DE-4417-A0EC-F2CB69F681FE}.Release|Any CPU.Build.0 = Debug|Any CPU
		{2839EEB6-E39D-4AA4-BBB8-4BA8BB93B679}.Debug|Any CPU.ActiveCfg = Debug|Any CPU
		{2839EEB6-E39D-4AA4-BBB8-4BA8BB93B679}.Debug|Any CPU.Build.0 = Debug|Any CPU
		{2839EEB6-E39D-4AA4-BBB8-4BA8BB93B679}.Release|Any CPU.ActiveCfg = Debug|Any CPU
		{2839EEB6-E39D-4AA4-BBB8-4BA8BB93B679}.Release|Any CPU.Build.0 = Debug|Any CPU
		{781DC07C-9B0C-4B99-A64B-33394C7C5799}.Debug|Any CPU.ActiveCfg = Debug|Any CPU
		{781DC07C-9B0C-4B99-A64B-33394C7C5799}.Debug|Any CPU.Build.0 = Debug|Any CPU
		{781DC07C-9B0C-4B99-A64B-33394C7C5799}.Release|Any CPU.ActiveCfg = Release|Any CPU
		{781DC07C-9B0C-4B99-A64B-33394C7C5799}.Release|Any CPU.Build.0 = Release|Any CPU
	EndGlobalSection
	GlobalSection(SolutionProperties) = preSolution
		HideSolutionNode = FALSE
	EndGlobalSection
EndGlobal
